
Microsoft Visual Studio Solution File, Format Version 12.00
# Visual Studio 15
VisualStudioVersion = 15.0.26730.12
MinimumVisualStudioVersion = 10.0.40219.1
Project("{2150E333-8FDC-42A3-9474-1A3956D46DE8}") = "1. AppServices", "1. AppServices", "{EB2999AD-4415-4C08-9C92-BD9145932023}"
EndProject
Project("{2150E333-8FDC-42A3-9474-1A3956D46DE8}") = "2. Infrastructure", "2. Infrastructure", "{36EB888D-C52F-4975-B6BC-91C7C2F50F61}"
EndProject
Project("{9A19103F-16F7-4668-BE54-9A1E7A4F7556}") = "Interns2.Infrastructure.MongoDb", "Interns2.Infrastructure.MongoDb\Interns2.Infrastructure.MongoDb.csproj", "{66045963-D32C-45B9-BCD5-E4A91267E5CC}"
EndProject
Project("{9A19103F-16F7-4668-BE54-9A1E7A4F7556}") = "Interns2.AppServices.MVC", "Interns2.AppServices.MVC\Interns2.AppServices.MVC.csproj", "{55593750-CCD6-45B5-89DA-1B3C99C0F797}"
EndProject
Project("{9A19103F-16F7-4668-BE54-9A1E7A4F7556}") = "Interns2.AppServices.API", "Interns2.AppServices.API\Interns2.AppServices.API.csproj", "{B9B2E10C-AB22-488B-829F-0E6DA7044FE4}"
EndProject
Project("{2150E333-8FDC-42A3-9474-1A3956D46DE8}") = "3. Domain", "3. Domain", "{E9D5C883-2049-4FC3-872F-7F06D540A899}"
EndProject
Project("{9A19103F-16F7-4668-BE54-9A1E7A4F7556}") = "Interns2.Domain", "Interns2.Domain\Interns2.Domain.csproj", "{01A4BBC6-9C62-41D9-84F7-6A8A941C69AB}"
EndProject
Project("{9A19103F-16F7-4668-BE54-9A1E7A4F7556}") = "Interns2.AppServices.FlashCard", "Interns2.AppServices.FlashCard\Interns2.AppServices.FlashCard.csproj", "{DC480FD1-6D0B-4D49-BBA4-2FFB64CDD11D}"
EndProject
Project("{2150E333-8FDC-42A3-9474-1A3956D46DE8}") = "4. UnitTest", "4. UnitTest", "{D9D34E1A-87BE-447D-A50E-D273F087AE86}"
EndProject
Project("{9A19103F-16F7-4668-BE54-9A1E7A4F7556}") = "UnitTestProject1", "UnitTestProject1\UnitTestProject1.csproj", "{43634178-018D-4DEB-B72F-C589C8BB7858}"
EndProject
Project("{FAE04EC0-301F-11D3-BF4B-00C04F79EFBC}") = "Interns.Infrastructure.Identity.MongoDb", "Interns.Infrastructure.Identity.MongoDb\Interns.Infrastructure.Identity.MongoDb.csproj", "{70D63741-8619-4C33-8A68-FA4E5ECF90DF}"
EndProject
Global
	GlobalSection(SolutionConfigurationPlatforms) = preSolution
		Debug|Any CPU = Debug|Any CPU
		Release|Any CPU = Release|Any CPU
	EndGlobalSection
	GlobalSection(ProjectConfigurationPlatforms) = postSolution
		{66045963-D32C-45B9-BCD5-E4A91267E5CC}.Debug|Any CPU.ActiveCfg = Debug|Any CPU
		{66045963-D32C-45B9-BCD5-E4A91267E5CC}.Debug|Any CPU.Build.0 = Debug|Any CPU
		{66045963-D32C-45B9-BCD5-E4A91267E5CC}.Release|Any CPU.ActiveCfg = Release|Any CPU
		{66045963-D32C-45B9-BCD5-E4A91267E5CC}.Release|Any CPU.Build.0 = Release|Any CPU
		{55593750-CCD6-45B5-89DA-1B3C99C0F797}.Debug|Any CPU.ActiveCfg = Debug|Any CPU
		{55593750-CCD6-45B5-89DA-1B3C99C0F797}.Debug|Any CPU.Build.0 = Debug|Any CPU
		{55593750-CCD6-45B5-89DA-1B3C99C0F797}.Release|Any CPU.ActiveCfg = Release|Any CPU
		{55593750-CCD6-45B5-89DA-1B3C99C0F797}.Release|Any CPU.Build.0 = Release|Any CPU
		{B9B2E10C-AB22-488B-829F-0E6DA7044FE4}.Debug|Any CPU.ActiveCfg = Debug|Any CPU
		{B9B2E10C-AB22-488B-829F-0E6DA7044FE4}.Debug|Any CPU.Build.0 = Debug|Any CPU
		{B9B2E10C-AB22-488B-829F-0E6DA7044FE4}.Release|Any CPU.ActiveCfg = Release|Any CPU
		{B9B2E10C-AB22-488B-829F-0E6DA7044FE4}.Release|Any CPU.Build.0 = Release|Any CPU
		{01A4BBC6-9C62-41D9-84F7-6A8A941C69AB}.Debug|Any CPU.ActiveCfg = Debug|Any CPU
		{01A4BBC6-9C62-41D9-84F7-6A8A941C69AB}.Debug|Any CPU.Build.0 = Debug|Any CPU
		{01A4BBC6-9C62-41D9-84F7-6A8A941C69AB}.Release|Any CPU.ActiveCfg = Release|Any CPU
		{01A4BBC6-9C62-41D9-84F7-6A8A941C69AB}.Release|Any CPU.Build.0 = Release|Any CPU
		{DC480FD1-6D0B-4D49-BBA4-2FFB64CDD11D}.Debug|Any CPU.ActiveCfg = Debug|Any CPU
		{DC480FD1-6D0B-4D49-BBA4-2FFB64CDD11D}.Debug|Any CPU.Build.0 = Debug|Any CPU
		{DC480FD1-6D0B-4D49-BBA4-2FFB64CDD11D}.Release|Any CPU.ActiveCfg = Release|Any CPU
		{DC480FD1-6D0B-4D49-BBA4-2FFB64CDD11D}.Release|Any CPU.Build.0 = Release|Any CPU
		{43634178-018D-4DEB-B72F-C589C8BB7858}.Debug|Any CPU.ActiveCfg = Debug|Any CPU
		{43634178-018D-4DEB-B72F-C589C8BB7858}.Debug|Any CPU.Build.0 = Debug|Any CPU
		{43634178-018D-4DEB-B72F-C589C8BB7858}.Release|Any CPU.ActiveCfg = Release|Any CPU
		{43634178-018D-4DEB-B72F-C589C8BB7858}.Release|Any CPU.Build.0 = Release|Any CPU
		{70D63741-8619-4C33-8A68-FA4E5ECF90DF}.Debug|Any CPU.ActiveCfg = Debug|Any CPU
		{70D63741-8619-4C33-8A68-FA4E5ECF90DF}.Debug|Any CPU.Build.0 = Debug|Any CPU
		{70D63741-8619-4C33-8A68-FA4E5ECF90DF}.Release|Any CPU.ActiveCfg = Release|Any CPU
		{70D63741-8619-4C33-8A68-FA4E5ECF90DF}.Release|Any CPU.Build.0 = Release|Any CPU
	EndGlobalSection
	GlobalSection(SolutionProperties) = preSolution
		HideSolutionNode = FALSE
	EndGlobalSection
	GlobalSection(NestedProjects) = preSolution
		{66045963-D32C-45B9-BCD5-E4A91267E5CC} = {36EB888D-C52F-4975-B6BC-91C7C2F50F61}
		{55593750-CCD6-45B5-89DA-1B3C99C0F797} = {EB2999AD-4415-4C08-9C92-BD9145932023}
		{B9B2E10C-AB22-488B-829F-0E6DA7044FE4} = {EB2999AD-4415-4C08-9C92-BD9145932023}
		{01A4BBC6-9C62-41D9-84F7-6A8A941C69AB} = {E9D5C883-2049-4FC3-872F-7F06D540A899}
		{DC480FD1-6D0B-4D49-BBA4-2FFB64CDD11D} = {EB2999AD-4415-4C08-9C92-BD9145932023}
		{43634178-018D-4DEB-B72F-C589C8BB7858} = {D9D34E1A-87BE-447D-A50E-D273F087AE86}
		{70D63741-8619-4C33-8A68-FA4E5ECF90DF} = {36EB888D-C52F-4975-B6BC-91C7C2F50F61}
	EndGlobalSection
	GlobalSection(ExtensibilityGlobals) = postSolution
		SolutionGuid = {24CD2DF4-24A5-4A7E-85DB-5615DBC9AA6F}
	EndGlobalSection
EndGlobal
